PODS:
  - agora_rtc_engine (5.2.0):
    - AgoraIrisRTC_iOS (= 3.6.2-fix.1)
    - Flutter
  - agora_rtm (1.1.1):
    - AgoraRtm_iOS (= 1.4.10)
    - Flutter
  - agora_uikit (0.0.1):
    - Flutter
  - AgoraIrisRTC_iOS (3.6.2-fix.1)
  - AgoraRtm_iOS (1.4.10)
  - Flutter (1.0.0)
  - permission_handler_apple (9.0.4):
    - Flutter

DEPENDENCIES:
  - agora_rtc_engine (from `.symlinks/plugins/agora_rtc_engine/ios`)
  - agora_rtm (from `.symlinks/plugins/agora_rtm/ios`)
  - agora_uikit (from `.symlinks/plugins/agora_uikit/ios`)
  - Flutter (from `Flutter`)
  - permission_handler_apple (from `.symlinks/plugins/permission_handler_apple/ios`)

SPEC REPOS:
  trunk:
    - AgoraIrisRTC_iOS
    - AgoraRtm_iOS

EXTERNAL SOURCES:
  agora_rtc_engine:
    :path: ".symlinks/plugins/agora_rtc_engine/ios"
  agora_rtm:
    :path: ".symlinks/plugins/agora_rtm/ios"
  agora_uikit:
    :path: ".symlinks/plugins/agora_uikit/ios"
  Flutter:
    :path: Flutter
  permission_handler_apple:
    :path: ".symlinks/plugins/permission_handler_apple/ios"

SPEC CHECKSUMS:
  agora_rtc_engine: ffc530eff766a38272568ebaead9341d73f58856
  agora_rtm: 83e35f136067be1ea7f09656f51ec29ccc280b63
  agora_uikit: ca47b21e2af19474ddd8ec153670c2dc8cf3a9e8
  AgoraIrisRTC_iOS: 9b11083bb79048ae4db7e2f56109cc51ac9e3834
  AgoraRtm_iOS: 95e7070466f42a6494435a7f39fd2b13fc143cbf
  Flutter: 50d75fe2f02b26cc09d224853bb45737f8b3214a
  permission_handler_apple: 44366e37eaf29454a1e7b1b7d736c2cceaeb17ce

PODFILE CHECKSUM: 7d4bfba4c37f8b07e6d4d1c1af21e13103e9bca0

COCOAPODS: 1.11.3
